{
  "name": "backend",
  "version": "1.0.0",
  "lockfileVersion": 3,
  "requires": true,
  "packages": {
    "": {
      "name": "backend",
      "version": "1.0.0",
      "license": "ISC",
      "dependencies": {
        "@prisma/client": "^5.20.0"
      },
      "devDependencies": {
        "@types/bcrypt": "^5.0.2",
        "@types/express": "^5.0.0",
        "@types/node": "^22.7.5",
        "@types/nodemailer": "^6.4.16",
        "@types/passport-jwt": "^4.0.1",
        "prisma": "^5.20.0"
      }
    },
    "node_modules/@prisma/client": {
      "version": "5.20.0",
      "resolved": "https://registry.npmjs.org/@prisma/client/-/client-5.20.0.tgz",
      "integrity": "sha512-CLv55ZuMuUawMsxoqxGtLT3bEZoa2W8L3Qnp6rDIFWy+ZBrUcOFKdoeGPSnbBqxc3SkdxJrF+D1veN/WNynZYA==",
      "hasInstallScript": true,
      "engines": {
        "node": ">=16.13"
      },
      "peerDependencies": {
        "prisma": "*"
      },
      "peerDependenciesMeta": {
        "prisma": {
          "optional": true
        }
      }
    },
    "node_modules/@prisma/debug": {
      "version": "5.20.0",
      "resolved": "https://registry.npmjs.org/@prisma/debug/-/debug-5.20.0.tgz",
      "integrity": "sha512-oCx79MJ4HSujokA8S1g0xgZUGybD4SyIOydoHMngFYiwEwYDQ5tBQkK5XoEHuwOYDKUOKRn/J0MEymckc4IgsQ==",
      "devOptional": true
    },
    "node_modules/@prisma/engines": {
      "version": "5.20.0",
      "resolved": "https://registry.npmjs.org/@prisma/engines/-/engines-5.20.0.tgz",
      "integrity": "sha512-DtqkP+hcZvPEbj8t8dK5df2b7d3B8GNauKqaddRRqQBBlgkbdhJkxhoJTrOowlS3vaRt2iMCkU0+CSNn0KhqAQ==",
      "devOptional": true,
      "hasInstallScript": true,
      "dependencies": {
        "@prisma/debug": "5.20.0",
        "@prisma/engines-version": "5.20.0-12.06fc58a368dc7be9fbbbe894adf8d445d208c284",
        "@prisma/fetch-engine": "5.20.0",
        "@prisma/get-platform": "5.20.0"
      }
    },
    "node_modules/@prisma/engines-version": {
      "version": "5.20.0-12.06fc58a368dc7be9fbbbe894adf8d445d208c284",
      "resolved": "https://registry.npmjs.org/@prisma/engines-version/-/engines-version-5.20.0-12.06fc58a368dc7be9fbbbe894adf8d445d208c284.tgz",
      "integrity": "sha512-Lg8AS5lpi0auZe2Mn4gjuCg081UZf88k3cn0RCwHgR+6cyHHpttPZBElJTHf83ZGsRNAmVCZCfUGA57WB4u4JA==",
      "devOptional": true
    },
    "node_modules/@prisma/fetch-engine": {
      "version": "5.20.0",
      "resolved": "https://registry.npmjs.org/@prisma/fetch-engine/-/fetch-engine-5.20.0.tgz",
      "integrity": "sha512-JVcaPXC940wOGpCOwuqQRTz6I9SaBK0c1BAyC1pcz9xBi+dzFgUu3G/p9GV1FhFs9OKpfSpIhQfUJE9y00zhqw==",
      "devOptional": true,
      "dependencies": {
        "@prisma/debug": "5.20.0",
        "@prisma/engines-version": "5.20.0-12.06fc58a368dc7be9fbbbe894adf8d445d208c284",
        "@prisma/get-platform": "5.20.0"
      }
    },
    "node_modules/@prisma/get-platform": {
      "version": "5.20.0",
      "resolved": "https://registry.npmjs.org/@prisma/get-platform/-/get-platform-5.20.0.tgz",
      "integrity": "sha512-8/+CehTZZNzJlvuryRgc77hZCWrUDYd/PmlZ7p2yNXtmf2Una4BWnTbak3us6WVdqoz5wmptk6IhsXdG2v5fmA==",
      "devOptional": true,
      "dependencies": {
        "@prisma/debug": "5.20.0"
      }
    },
    "node_modules/@types/bcrypt": {
      "version": "5.0.2",
      "resolved": "https://registry.npmjs.org/@types/bcrypt/-/bcrypt-5.0.2.tgz",
      "integrity": "sha512-6atioO8Y75fNcbmj0G7UjI9lXN2pQ/IGJ2FWT4a/btd0Lk9lQalHLKhkgKVZ3r+spnmWUKfbMi1GEe9wyHQfNQ==",
      "dev": true,
      "dependencies": {
        "@types/node": "*"
      }
    },
    "node_modules/@types/body-parser": {
      "version": "1.19.5",
      "resolved": "https://registry.npmjs.org/@types/body-parser/-/body-parser-1.19.5.tgz",
      "integrity": "sha512-fB3Zu92ucau0iQ0JMCFQE7b/dv8Ot07NI3KaZIkIUNXq82k4eBAqUaneXfleGY9JWskeS9y+u0nXMyspcuQrCg==",
      "dev": true,
      "dependencies": {
        "@types/connect": "*",
        "@types/node": "*"
      }
    },
    "node_modules/@types/connect": {
      "version": "3.4.38",
      "resolved": "https://registry.npmjs.org/@types/connect/-/connect-3.4.38.tgz",
      "integrity": "sha512-K6uROf1LD88uDQqJCktA4yzL1YYAK6NgfsI0v/mTgyPKWsX1CnJ0XPSDhViejru1GcRkLWb8RlzFYJRqGUbaug==",
      "dev": true,
      "dependencies": {
        "@types/node": "*"
      }
    },
    "node_modules/@types/express": {
      "version": "5.0.0",
      "resolved": "https://registry.npmjs.org/@types/express/-/express-5.0.0.tgz",
      "integrity": "sha512-DvZriSMehGHL1ZNLzi6MidnsDhUZM/x2pRdDIKdwbUNqqwHxMlRdkxtn6/EPKyqKpHqTl/4nRZsRNLpZxZRpPQ==",
      "dev": true,
      "dependencies": {
        "@types/body-parser": "*",
        "@types/express-serve-static-core": "^5.0.0",
        "@types/qs": "*",
        "@types/serve-static": "*"
      }
    },
    "node_modules/@types/express-serve-static-core": {
      "version": "5.0.0",
      "resolved": "https://registry.npmjs.org/@types/express-serve-static-core/-/express-serve-static-core-5.0.0.tgz",
      "integrity": "sha512-AbXMTZGt40T+KON9/Fdxx0B2WK5hsgxcfXJLr5bFpZ7b4JCex2WyQPTEKdXqfHiY5nKKBScZ7yCoO6Pvgxfvnw==",
      "dev": true,
      "dependencies": {
        "@types/node": "*",
        "@types/qs": "*",
        "@types/range-parser": "*",
        "@types/send": "*"
      }
    },
    "node_modules/@types/http-errors": {
      "version": "2.0.4",
      "resolved": "https://registry.npmjs.org/@types/http-errors/-/http-errors-2.0.4.tgz",
      "integrity": "sha512-D0CFMMtydbJAegzOyHjtiKPLlvnm3iTZyZRSZoLq2mRhDdmLfIWOCYPfQJ4cu2erKghU++QvjcUjp/5h7hESpA==",
      "dev": true
    },
    "node_modules/@types/jsonwebtoken": {
      "version": "9.0.7",
      "resolved": "https://registry.npmjs.org/@types/jsonwebtoken/-/jsonwebtoken-9.0.7.tgz",
      "integrity": "sha512-ugo316mmTYBl2g81zDFnZ7cfxlut3o+/EQdaP7J8QN2kY6lJ22hmQYCK5EHcJHbrW+dkCGSCPgbG8JtYj6qSrg==",
      "dev": true,
      "dependencies": {
        "@types/node": "*"
      }
    },
    "node_modules/@types/mime": {
      "version": "1.3.5",
      "resolved": "https://registry.npmjs.org/@types/mime/-/mime-1.3.5.tgz",
      "integrity": "sha512-/pyBZWSLD2n0dcHE3hq8s8ZvcETHtEuF+3E7XVt0Ig2nvsVQXdghHVcEkIWjy9A0wKfTn97a/PSDYohKIlnP/w==",
      "dev": true
    },
    "node_modules/@types/node": {
      "version": "22.7.5",
      "resolved": "https://registry.npmjs.org/@types/node/-/node-22.7.5.tgz",
      "integrity": "sha512-jML7s2NAzMWc//QSJ1a3prpk78cOPchGvXJsC3C6R6PSMoooztvRVQEz89gmBTBY1SPMaqo5teB4uNHPdetShQ==",
      "dev": true,
      "dependencies": {
        "undici-types": "~6.19.2"
      }
    },
    "node_modules/@types/nodemailer": {
      "version": "6.4.16",
      "resolved": "https://registry.npmjs.org/@types/nodemailer/-/nodemailer-6.4.16.tgz",
      "integrity": "sha512-uz6hN6Pp0upXMcilM61CoKyjT7sskBoOWpptkjjJp8jIMlTdc3xG01U7proKkXzruMS4hS0zqtHNkNPFB20rKQ==",
      "dev": true,
      "dependencies": {
        "@types/node": "*"
      }
    },
    "node_modules/@types/passport": {
      "version": "1.0.16",
      "resolved": "https://registry.npmjs.org/@types/passport/-/passport-1.0.16.tgz",
      "integrity": "sha512-FD0qD5hbPWQzaM0wHUnJ/T0BBCJBxCeemtnCwc/ThhTg3x9jfrAcRUmj5Dopza+MfFS9acTe3wk7rcVnRIp/0A==",
      "dev": true,
      "dependencies": {
        "@types/express": "*"
      }
    },
    "node_modules/@types/passport-jwt": {
      "version": "4.0.1",
      "resolved": "https://registry.npmjs.org/@types/passport-jwt/-/passport-jwt-4.0.1.tgz",
      "integrity": "sha512-Y0Ykz6nWP4jpxgEUYq8NoVZeCQPo1ZndJLfapI249g1jHChvRfZRO/LS3tqu26YgAS/laI1qx98sYGz0IalRXQ==",
      "dev": true,
      "dependencies": {
        "@types/jsonwebtoken": "*",
        "@types/passport-strategy": "*"
      }
    },
    "node_modules/@types/passport-strategy": {
      "version": "0.2.38",
      "resolved": "https://registry.npmjs.org/@types/passport-strategy/-/passport-strategy-0.2.38.tgz",
      "integrity": "sha512-GC6eMqqojOooq993Tmnmp7AUTbbQSgilyvpCYQjT+H6JfG/g6RGc7nXEniZlp0zyKJ0WUdOiZWLBZft9Yug1uA==",
      "dev": true,
      "dependencies": {
        "@types/express": "*",
        "@types/passport": "*"
      }
    },
    "node_modules/@types/qs": {
      "version": "6.9.16",
      "resolved": "https://registry.npmjs.org/@types/qs/-/qs-6.9.16.tgz",
      "integrity": "sha512-7i+zxXdPD0T4cKDuxCUXJ4wHcsJLwENa6Z3dCu8cfCK743OGy5Nu1RmAGqDPsoTDINVEcdXKRvR/zre+P2Ku1A==",
      "dev": true
    },
    "node_modules/@types/range-parser": {
      "version": "1.2.7",
      "resolved": "https://registry.npmjs.org/@types/range-parser/-/range-parser-1.2.7.tgz",
      "integrity": "sha512-hKormJbkJqzQGhziax5PItDUTMAM9uE2XXQmM37dyd4hVM+5aVl7oVxMVUiVQn2oCQFN/LKCZdvSM0pFRqbSmQ==",
      "dev": true
    },
    "node_modules/@types/send": {
      "version": "0.17.4",
      "resolved": "https://registry.npmjs.org/@types/send/-/send-0.17.4.tgz",
      "integrity": "sha512-x2EM6TJOybec7c52BX0ZspPodMsQUd5L6PRwOunVyVUhXiBSKf3AezDL8Dgvgt5o0UfKNfuA0eMLr2wLT4AiBA==",
      "dev": true,
      "dependencies": {
        "@types/mime": "^1",
        "@types/node": "*"
      }
    },
    "node_modules/@types/serve-static": {
      "version": "1.15.7",
      "resolved": "https://registry.npmjs.org/@types/serve-static/-/serve-static-1.15.7.tgz",
      "integrity": "sha512-W8Ym+h8nhuRwaKPaDw34QUkwsGi6Rc4yYqvKFo5rm2FUEhCFbzVWrxXUxuKK8TASjWsysJY0nsmNCGhCOIsrOw==",
      "dev": true,
      "dependencies": {
        "@types/http-errors": "*",
        "@types/node": "*",
        "@types/send": "*"
      }
    },
    "node_modules/prisma": {
      "version": "5.20.0",
      "resolved": "https://registry.npmjs.org/prisma/-/prisma-5.20.0.tgz",
      "integrity": "sha512-6obb3ucKgAnsGS9x9gLOe8qa51XxvJ3vLQtmyf52CTey1Qcez3A6W6ROH5HIz5Q5bW+0VpmZb8WBohieMFGpig==",
      "devOptional": true,
      "hasInstallScript": true,
      "dependencies": {
        "@prisma/engines": "5.20.0"
      },
      "bin": {
        "prisma": "build/index.js"
      },
      "engines": {
        "node": ">=16.13"
      },
      "optionalDependencies": {
        "fsevents": "2.3.3"
      }
    },
    "node_modules/undici-types": {
      "version": "6.19.8",
      "resolved": "https://registry.npmjs.org/undici-types/-/undici-types-6.19.8.tgz",
      "integrity": "sha512-ve2KP6f/JnbPBFyobGHuerC9g1FYGn/F8n1LWTwNxCEzd6IfqTwUQcNXgEtmmQ6DlRrC1hrSrBnCZPokRrDHjw==",
      "dev": true
    }
  }
}
